// !$*UTF8*$!
{
	archiveVersion = 1;
	classes = {
	};
	objectVersion = 50;
	objects = {

/* Begin PBXBuildFile section */
		9DE4036422FD232B00EC061A /* AppleCommander.jar in Frameworks */ = {isa = PBXBuildFile; fileRef = 9DE4036322FD232B00EC061A /* AppleCommander.jar */; };
		9DE4036622FD232B00EC061A /* bastokenizer-tools-bt-0.2.0.jar in Frameworks */ = {isa = PBXBuildFile; fileRef = 9DE4036522FD232B00EC061A /* bastokenizer-tools-bt-0.2.0.jar */; };
		9DE4036822FD232B00EC061A /* createDiskImage in CopyFiles */ = {isa = PBXBuildFile; fileRef = 9DE4036722FD232B00EC061A /* createDiskImage */; };
		9DE4036A22FD232B00EC061A /* bt in CopyFiles */ = {isa = PBXBuildFile; fileRef = 9DE4036922FD232B00EC061A /* bt */; };
		9DE4036C22FD232B00EC061A /* DevApple.vii in CopyFiles */ = {isa = PBXBuildFile; fileRef = 9DE4036B22FD232B00EC061A /* DevApple.vii */; };
		9DE4036E22FD232B00EC061A /* dos33_template.dsk in CopyFiles */ = {isa = PBXBuildFile; fileRef = 9DE4036D22FD232B00EC061A /* dos33_template.dsk */; };
		9DE4037022FD232B00EC061A /* errorFilter.sh in CopyFiles */ = {isa = PBXBuildFile; fileRef = 9DE4036F22FD232B00EC061A /* errorFilter.sh */; };
		9DE4037222FD232B00EC061A /* head.mk in CopyFiles */ = {isa = PBXBuildFile; fileRef = 9DE4037122FD232B00EC061A /* head.mk */; };
		9DE4037422FD232B00EC061A /* prodos_template.dsk in CopyFiles */ = {isa = PBXBuildFile; fileRef = 9DE4037322FD232B00EC061A /* prodos_template.dsk */; };
		9DE4037622FD232B00EC061A /* tail.mk in CopyFiles */ = {isa = PBXBuildFile; fileRef = 9DE4037522FD232B00EC061A /* tail.mk */; };
		9DE4037822FD232B00EC061A /* V2Make.scpt in CopyFiles */ = {isa = PBXBuildFile; fileRef = 9DE4037722FD232B00EC061A /* V2Make.scpt */; };
		9DE4037B22FD232B00EC061A /* a2bejwld.xcscheme in CopyFiles */ = {isa = PBXBuildFile; fileRef = 9DE4037A22FD232B00EC061A /* a2bejwld.xcscheme */; };
		9DE403A622FD235F00EC061A /* ui.c in Sources */ = {isa = PBXBuildFile; fileRef = 9DE4038E22FD235E00EC061A /* ui.c */; };
		9DE403A722FD235F00EC061A /* mockingboard.c in Sources */ = {isa = PBXBuildFile; fileRef = 9DE4039122FD235E00EC061A /* mockingboard.c */; };
		9DE403A822FD235F00EC061A /* vbl.s in Sources */ = {isa = PBXBuildFile; fileRef = 9DE4039322FD235E00EC061A /* vbl.s */; };
		9DE403A922FD235F00EC061A /* main.c in Sources */ = {isa = PBXBuildFile; fileRef = 9DE4039522FD235E00EC061A /* main.c */; };
		9DE403AA22FD235F00EC061A /* joystick.c in Sources */ = {isa = PBXBuildFile; fileRef = 9DE4039822FD235E00EC061A /* joystick.c */; };
		9DE403AB22FD235F00EC061A /* anim.c in Sources */ = {isa = PBXBuildFile; fileRef = 9DE4039922FD235E00EC061A /* anim.c */; };
		9DE403AC22FD235F00EC061A /* sound.c in Sources */ = {isa = PBXBuildFile; fileRef = 9DE4039B22FD235E00EC061A /* sound.c */; };
		9DE403AD22FD235F00EC061A /* dbllores.s in Sources */ = {isa = PBXBuildFile; fileRef = 9DE4039C22FD235E00EC061A /* dbllores.s */; };
		9DE403AE22FD235F00EC061A /* Makefile in Sources */ = {isa = PBXBuildFile; fileRef = 9DE4039D22FD235E00EC061A /* Makefile */; };
		9DE403AF22FD235F00EC061A /* mockingboard_speech.s in Sources */ = {isa = PBXBuildFile; fileRef = 9DE4039E22FD235F00EC061A /* mockingboard_speech.s */; };
		9DE403B022FD235F00EC061A /* game.c in Sources */ = {isa = PBXBuildFile; fileRef = 9DE4039F22FD235F00EC061A /* game.c */; };
		9DE403B122FD235F00EC061A /* mouseWrapper.c in Sources */ = {isa = PBXBuildFile; fileRef = 9DE403A022FD235F00EC061A /* mouseWrapper.c */; };
		9DE403B222FD235F00EC061A /* machine.c in Sources */ = {isa = PBXBuildFile; fileRef = 9DE403A422FD235F00EC061A /* machine.c */; };
/* End PBXBuildFile section */

/* Begin PBXCopyFilesBuildPhase section */
		9DE4035A22FD232B00EC061A /* CopyFiles */ = {
			isa = PBXCopyFilesBuildPhase;
			buildActionMask = 2147483647;
			dstPath = /usr/share/man/man1/;
			dstSubfolderSpec = 0;
			files = (
				9DE4037422FD232B00EC061A /* prodos_template.dsk in CopyFiles */,
				9DE4036A22FD232B00EC061A /* bt in CopyFiles */,
				9DE4036E22FD232B00EC061A /* dos33_template.dsk in CopyFiles */,
				9DE4036822FD232B00EC061A /* createDiskImage in CopyFiles */,
				9DE4037B22FD232B00EC061A /* a2bejwld.xcscheme in CopyFiles */,
				9DE4037822FD232B00EC061A /* V2Make.scpt in CopyFiles */,
				9DE4037222FD232B00EC061A /* head.mk in CopyFiles */,
				9DE4036C22FD232B00EC061A /* DevApple.vii in CopyFiles */,
				9DE4037022FD232B00EC061A /* errorFilter.sh in CopyFiles */,
				9DE4037622FD232B00EC061A /* tail.mk in CopyFiles */,
			);
			runOnlyForDeploymentPostprocessing = 1;
		};
/* End PBXCopyFilesBuildPhase section */

/* Begin PBXFileReference section */
		9DC0327323D948D000797D62 /* text.s */ = {isa = PBXFileReference; lastKnownFileType = sourcecode.asm; path = text.s; sourceTree = "<group>"; };
		9DC0327423D9497600797D62 /* text.h */ = {isa = PBXFileReference; lastKnownFileType = sourcecode.c.h; path = text.h; sourceTree = "<group>"; };
		9DE4035422FD232B00EC061A /* a2bejwld */ = {isa = PBXFileReference; explicitFileType = "compiled.mach-o.executable"; includeInIndex = 0; path = a2bejwld; sourceTree = BUILT_PRODUCTS_DIR; };
		9DE4035722FD232B00EC061A /* a2bejwld.dsk */ = {isa = PBXFileReference; explicitFileType = "compiled.mach-o.executable"; includeInIndex = 0; path = a2bejwld.dsk; sourceTree = BUILT_PRODUCTS_DIR; };
		9DE4035C22FD232B00EC061A /* doNotBuild */ = {isa = PBXFileReference; explicitFileType = "compiled.mach-o.executable"; includeInIndex = 0; path = doNotBuild; sourceTree = BUILT_PRODUCTS_DIR; };
		9DE4036322FD232B00EC061A /* AppleCommander.jar */ = {isa = PBXFileReference; lastKnownFileType = archive.jar; name = AppleCommander.jar; path = make/AppleCommander.jar; sourceTree = "<group>"; };
		9DE4036522FD232B00EC061A /* bastokenizer-tools-bt-0.2.0.jar */ = {isa = PBXFileReference; lastKnownFileType = archive.jar; name = "bastokenizer-tools-bt-0.2.0.jar"; path = "make/bastokenizer-tools-bt-0.2.0.jar"; sourceTree = "<group>"; };
		9DE4036722FD232B00EC061A /* createDiskImage */ = {isa = PBXFileReference; lastKnownFileType = text.script.sh; name = createDiskImage; path = make/createDiskImage; sourceTree = "<group>"; };
		9DE4036922FD232B00EC061A /* bt */ = {isa = PBXFileReference; lastKnownFileType = text.script.sh; name = bt; path = make/bt; sourceTree = "<group>"; };
		9DE4036B22FD232B00EC061A /* DevApple.vii */ = {isa = PBXFileReference; lastKnownFileType = file.bplist; name = DevApple.vii; path = make/DevApple.vii; sourceTree = "<group>"; };
		9DE4036D22FD232B00EC061A /* dos33_template.dsk */ = {isa = PBXFileReference; lastKnownFileType = file; name = dos33_template.dsk; path = make/dos33_template.dsk; sourceTree = "<group>"; };
		9DE4036F22FD232B00EC061A /* errorFilter.sh */ = {isa = PBXFileReference; lastKnownFileType = text.script.sh; name = errorFilter.sh; path = make/errorFilter.sh; sourceTree = "<group>"; };
		9DE4037122FD232B00EC061A /* head.mk */ = {isa = PBXFileReference; lastKnownFileType = text; name = head.mk; path = make/head.mk; sourceTree = "<group>"; };
		9DE4037322FD232B00EC061A /* prodos_template.dsk */ = {isa = PBXFileReference; lastKnownFileType = file; name = prodos_template.dsk; path = make/prodos_template.dsk; sourceTree = "<group>"; };
		9DE4037522FD232B00EC061A /* tail.mk */ = {isa = PBXFileReference; lastKnownFileType = text; name = tail.mk; path = make/tail.mk; sourceTree = "<group>"; };
		9DE4037722FD232B00EC061A /* V2Make.scpt */ = {isa = PBXFileReference; lastKnownFileType = file; name = V2Make.scpt; path = make/V2Make.scpt; sourceTree = "<group>"; };
		9DE4037A22FD232B00EC061A /* a2bejwld.xcscheme */ = {isa = PBXFileReference; lastKnownFileType = text.xml; name = a2bejwld.xcscheme; path = a2bejwld.xcodeproj/xcshareddata/xcschemes/a2bejwld.xcscheme; sourceTree = SOURCE_ROOT; };
		9DE4038A22FD234700EC061A /* a2bejwld.png */ = {isa = PBXFileReference; lastKnownFileType = image.png; path = a2bejwld.png; sourceTree = "<group>"; };
		9DE4038B22FD234700EC061A /* LICENSE */ = {isa = PBXFileReference; lastKnownFileType = text; path = LICENSE; sourceTree = "<group>"; };
		9DE4038C22FD234700EC061A /* README.md */ = {isa = PBXFileReference; lastKnownFileType = net.daringfireball.markdown; path = README.md; sourceTree = "<group>"; };
		9DE4038D22FD235E00EC061A /* types.h */ = {isa = PBXFileReference; fileEncoding = 4; lastKnownFileType = sourcecode.c.h; path = types.h; sourceTree = "<group>"; };
		9DE4038E22FD235E00EC061A /* ui.c */ = {isa = PBXFileReference; fileEncoding = 4; lastKnownFileType = sourcecode.c.c; path = ui.c; sourceTree = "<group>"; };
		9DE4038F22FD235E00EC061A /* sound.h */ = {isa = PBXFileReference; fileEncoding = 4; lastKnownFileType = sourcecode.c.h; path = sound.h; sourceTree = "<group>"; };
		9DE4039022FD235E00EC061A /* game.h */ = {isa = PBXFileReference; fileEncoding = 4; lastKnownFileType = sourcecode.c.h; path = game.h; sourceTree = "<group>"; };
		9DE4039122FD235E00EC061A /* mockingboard.c */ = {isa = PBXFileReference; fileEncoding = 4; lastKnownFileType = sourcecode.c.c; path = mockingboard.c; sourceTree = "<group>"; };
		9DE4039222FD235E00EC061A /* mouseWrapper.h */ = {isa = PBXFileReference; fileEncoding = 4; lastKnownFileType = sourcecode.c.h; path = mouseWrapper.h; sourceTree = "<group>"; };
		9DE4039322FD235E00EC061A /* vbl.s */ = {isa = PBXFileReference; fileEncoding = 4; lastKnownFileType = sourcecode.asm; path = vbl.s; sourceTree = "<group>"; };
		9DE4039422FD235E00EC061A /* ui.h */ = {isa = PBXFileReference; fileEncoding = 4; lastKnownFileType = sourcecode.c.h; path = ui.h; sourceTree = "<group>"; };
		9DE4039522FD235E00EC061A /* main.c */ = {isa = PBXFileReference; fileEncoding = 4; lastKnownFileType = sourcecode.c.c; path = main.c; sourceTree = "<group>"; };
		9DE4039622FD235E00EC061A /* anim.h */ = {isa = PBXFileReference; fileEncoding = 4; lastKnownFileType = sourcecode.c.h; path = anim.h; sourceTree = "<group>"; };
		9DE4039722FD235E00EC061A /* joystick.h */ = {isa = PBXFileReference; fileEncoding = 4; lastKnownFileType = sourcecode.c.h; path = joystick.h; sourceTree = "<group>"; };
		9DE4039822FD235E00EC061A /* joystick.c */ = {isa = PBXFileReference; fileEncoding = 4; lastKnownFileType = sourcecode.c.c; path = joystick.c; sourceTree = "<group>"; };
		9DE4039922FD235E00EC061A /* anim.c */ = {isa = PBXFileReference; fileEncoding = 4; lastKnownFileType = sourcecode.c.c; path = anim.c; sourceTree = "<group>"; };
		9DE4039A22FD235E00EC061A /* machine.h */ = {isa = PBXFileReference; fileEncoding = 4; lastKnownFileType = sourcecode.c.h; path = machine.h; sourceTree = "<group>"; };
		9DE4039B22FD235E00EC061A /* sound.c */ = {isa = PBXFileReference; fileEncoding = 4; lastKnownFileType = sourcecode.c.c; path = sound.c; sourceTree = "<group>"; };
		9DE4039C22FD235E00EC061A /* dbllores.s */ = {isa = PBXFileReference; fileEncoding = 4; lastKnownFileType = sourcecode.asm; path = dbllores.s; sourceTree = "<group>"; };
		9DE4039D22FD235E00EC061A /* Makefile */ = {isa = PBXFileReference; fileEncoding = 4; lastKnownFileType = sourcecode.make; path = Makefile; sourceTree = "<group>"; };
		9DE4039E22FD235F00EC061A /* mockingboard_speech.s */ = {isa = PBXFileReference; fileEncoding = 4; lastKnownFileType = sourcecode.asm; path = mockingboard_speech.s; sourceTree = "<group>"; };
		9DE4039F22FD235F00EC061A /* game.c */ = {isa = PBXFileReference; fileEncoding = 4; lastKnownFileType = sourcecode.c.c; path = game.c; sourceTree = "<group>"; };
		9DE403A022FD235F00EC061A /* mouseWrapper.c */ = {isa = PBXFileReference; fileEncoding = 4; lastKnownFileType = sourcecode.c.c; path = mouseWrapper.c; sourceTree = "<group>"; };
		9DE403A122FD235F00EC061A /* mockingboard.h */ = {isa = PBXFileReference; fileEncoding = 4; lastKnownFileType = sourcecode.c.h; path = mockingboard.h; sourceTree = "<group>"; };
		9DE403A222FD235F00EC061A /* dbllores.h */ = {isa = PBXFileReference; fileEncoding = 4; lastKnownFileType = sourcecode.c.h; path = dbllores.h; sourceTree = "<group>"; };
		9DE403A322FD235F00EC061A /* vbl.h */ = {isa = PBXFileReference; fileEncoding = 4; lastKnownFileType = sourcecode.c.h; path = vbl.h; sourceTree = "<group>"; };
		9DE403A422FD235F00EC061A /* machine.c */ = {isa = PBXFileReference; fileEncoding = 4; lastKnownFileType = sourcecode.c.c; path = machine.c; sourceTree = "<group>"; };
		9DE403A522FD235F00EC061A /* mockingboard_speech.h */ = {isa = PBXFileReference; fileEncoding = 4; lastKnownFileType = sourcecode.c.h; path = mockingboard_speech.h; sourceTree = "<group>"; };
/* End PBXFileReference section */

/* Begin PBXFrameworksBuildPhase section */
		9DE4035922FD232B00EC061A /* Frameworks */ = {
			isa = PBXFrameworksBuildPhase;
			buildActionMask = 2147483647;
			files = (
				9DE4036422FD232B00EC061A /* AppleCommander.jar in Frameworks */,
				9DE4036622FD232B00EC061A /* bastokenizer-tools-bt-0.2.0.jar in Frameworks */,
			);
			runOnlyForDeploymentPostprocessing = 0;
		};
/* End PBXFrameworksBuildPhase section */

/* Begin PBXGroup section */
		9DE4034D22FD232B00EC061A = {
			isa = PBXGroup;
			children = (
				9DE4038A22FD234700EC061A /* a2bejwld.png */,
				9DE4038B22FD234700EC061A /* LICENSE */,
				9DE4038C22FD234700EC061A /* README.md */,
				9DE4035D22FD232B00EC061A /* a2bejwld */,
				9DE4035522FD232B00EC061A /* Products */,
			);
			sourceTree = "<group>";
		};
		9DE4035522FD232B00EC061A /* Products */ = {
			isa = PBXGroup;
			children = (
				9DE4035422FD232B00EC061A /* a2bejwld */,
				9DE4035722FD232B00EC061A /* a2bejwld.dsk */,
				9DE4035C22FD232B00EC061A /* doNotBuild */,
			);
			name = Products;
			sourceTree = "<group>";
		};
		9DE4035D22FD232B00EC061A /* a2bejwld */ = {
			isa = PBXGroup;
			children = (
				9DE4039D22FD235E00EC061A /* Makefile */,
				9DE4039522FD235E00EC061A /* main.c */,
				9DE4039F22FD235F00EC061A /* game.c */,
				9DE4039022FD235E00EC061A /* game.h */,
				9DE403A422FD235F00EC061A /* machine.c */,
				9DE4039A22FD235E00EC061A /* machine.h */,
				9DE4038D22FD235E00EC061A /* types.h */,
				9DE4038E22FD235E00EC061A /* ui.c */,
				9DE4039422FD235E00EC061A /* ui.h */,
				9DE403B322FD237600EC061A /* sound */,
				9DE403B722FD23D600EC061A /* graphics */,
				9DE403B622FD239900EC061A /* mouse */,
				9DE403B522FD239100EC061A /* Mockingboard */,
				9DE403B422FD238400EC061A /* joystick */,
				9DE4036222FD232B00EC061A /* make */,
				9DE4037922FD232B00EC061A /* Supporting Files */,
			);
			path = a2bejwld;
			sourceTree = "<group>";
		};
		9DE4036222FD232B00EC061A /* make */ = {
			isa = PBXGroup;
			children = (
				9DE4036322FD232B00EC061A /* AppleCommander.jar */,
				9DE4036522FD232B00EC061A /* bastokenizer-tools-bt-0.2.0.jar */,
				9DE4036722FD232B00EC061A /* createDiskImage */,
				9DE4036922FD232B00EC061A /* bt */,
				9DE4036B22FD232B00EC061A /* DevApple.vii */,
				9DE4036D22FD232B00EC061A /* dos33_template.dsk */,
				9DE4036F22FD232B00EC061A /* errorFilter.sh */,
				9DE4037122FD232B00EC061A /* head.mk */,
				9DE4037322FD232B00EC061A /* prodos_template.dsk */,
				9DE4037522FD232B00EC061A /* tail.mk */,
				9DE4037722FD232B00EC061A /* V2Make.scpt */,
			);
			name = make;
			sourceTree = "<group>";
		};
		9DE4037922FD232B00EC061A /* Supporting Files */ = {
			isa = PBXGroup;
			children = (
				9DE4037A22FD232B00EC061A /* a2bejwld.xcscheme */,
			);
			name = "Supporting Files";
			sourceTree = "<group>";
		};
		9DE403B322FD237600EC061A /* sound */ = {
			isa = PBXGroup;
			children = (
				9DE4039B22FD235E00EC061A /* sound.c */,
				9DE4038F22FD235E00EC061A /* sound.h */,
			);
			name = sound;
			sourceTree = "<group>";
		};
		9DE403B422FD238400EC061A /* joystick */ = {
			isa = PBXGroup;
			children = (
				9DE4039822FD235E00EC061A /* joystick.c */,
				9DE4039722FD235E00EC061A /* joystick.h */,
			);
			name = joystick;
			sourceTree = "<group>";
		};
		9DE403B522FD239100EC061A /* Mockingboard */ = {
			isa = PBXGroup;
			children = (
				9DE403A522FD235F00EC061A /* mockingboard_speech.h */,
				9DE4039E22FD235F00EC061A /* mockingboard_speech.s */,
				9DE4039122FD235E00EC061A /* mockingboard.c */,
				9DE403A122FD235F00EC061A /* mockingboard.h */,
			);
			name = Mockingboard;
			sourceTree = "<group>";
		};
		9DE403B622FD239900EC061A /* mouse */ = {
			isa = PBXGroup;
			children = (
				9DE403A022FD235F00EC061A /* mouseWrapper.c */,
				9DE4039222FD235E00EC061A /* mouseWrapper.h */,
			);
			name = mouse;
			sourceTree = "<group>";
		};
		9DE403B722FD23D600EC061A /* graphics */ = {
			isa = PBXGroup;
			children = (
				9DE4039922FD235E00EC061A /* anim.c */,
				9DE4039622FD235E00EC061A /* anim.h */,
				9DE403A222FD235F00EC061A /* dbllores.h */,
				9DE4039C22FD235E00EC061A /* dbllores.s */,
				9DC0327423D9497600797D62 /* text.h */,
				9DC0327323D948D000797D62 /* text.s */,
				9DE403A322FD235F00EC061A /* vbl.h */,
				9DE4039322FD235E00EC061A /* vbl.s */,
			);
			name = graphics;
			sourceTree = "<group>";
		};
/* End PBXGroup section */

/* Begin PBXLegacyTarget section */
		9DE4035222FD232B00EC061A /* a2bejwld */ = {
			isa = PBXLegacyTarget;
			buildArgumentsString = "-C a2bejwld $(ACTION)";
			buildConfigurationList = 9DE4037E22FD232B00EC061A /* Build configuration list for PBXLegacyTarget "a2bejwld" */;
			buildPhases = (
			);
			buildToolPath = /usr/bin/make;
			dependencies = (
			);
			name = a2bejwld;
			passBuildSettingsInEnvironment = 1;
			productName = a2bejwld;
		};
/* End PBXLegacyTarget section */

/* Begin PBXNativeTarget section */
		9DE4035322FD232B00EC061A /* Binary */ = {
			isa = PBXNativeTarget;
			buildConfigurationList = 9DE4038122FD232B00EC061A /* Build configuration list for PBXNativeTarget "Binary" */;
			buildPhases = (
			);
			buildRules = (
			);
			dependencies = (
			);
			name = Binary;
			productName = Binary;
			productReference = 9DE4035422FD232B00EC061A /* a2bejwld */;
			productType = "com.apple.product-type.tool";
		};
		9DE4035622FD232B00EC061A /* DiskImage */ = {
			isa = PBXNativeTarget;
			buildConfigurationList = 9DE4038422FD232B00EC061A /* Build configuration list for PBXNativeTarget "DiskImage" */;
			buildPhases = (
			);
			buildRules = (
			);
			dependencies = (
			);
			name = DiskImage;
			productName = DiskImage;
			productReference = 9DE4035722FD232B00EC061A /* a2bejwld.dsk */;
			productType = "com.apple.product-type.tool";
		};
		9DE4035B22FD232B00EC061A /* doNotBuild */ = {
			isa = PBXNativeTarget;
			buildConfigurationList = 9DE4038722FD232B00EC061A /* Build configuration list for PBXNativeTarget "doNotBuild" */;
			buildPhases = (
				9DE4035822FD232B00EC061A /* Sources */,
				9DE4035922FD232B00EC061A /* Frameworks */,
				9DE4035A22FD232B00EC061A /* CopyFiles */,
			);
			buildRules = (
			);
			dependencies = (
			);
			name = doNotBuild;
			productName = doNotBuild;
			productReference = 9DE4035C22FD232B00EC061A /* doNotBuild */;
			productType = "com.apple.product-type.tool";
		};
/* End PBXNativeTarget section */

/* Begin PBXProject section */
		9DE4034E22FD232B00EC061A /* Project object */ = {
			isa = PBXProject;
			attributes = {
				LastUpgradeCheck = 1030;
				ORGANIZATIONNAME = "Jeremy Rand";
				TargetAttributes = {
					9DE4035222FD232B00EC061A = {
						CreatedOnToolsVersion = 10.3;
					};
					9DE4035322FD232B00EC061A = {
						CreatedOnToolsVersion = 10.3;
					};
					9DE4035622FD232B00EC061A = {
						CreatedOnToolsVersion = 10.3;
					};
					9DE4035B22FD232B00EC061A = {
						CreatedOnToolsVersion = 10.3;
					};
				};
			};
			buildConfigurationList = 9DE4035122FD232B00EC061A /* Build configuration list for PBXProject "a2bejwld" */;
			compatibilityVersion = "Xcode 9.3";
			developmentRegion = en;
			hasScannedForEncodings = 0;
			knownRegions = (
				en,
			);
			mainGroup = 9DE4034D22FD232B00EC061A;
			productRefGroup = 9DE4035522FD232B00EC061A /* Products */;
			projectDirPath = "";
			projectRoot = "";
			targets = (
				9DE4035222FD232B00EC061A /* a2bejwld */,
				9DE4035322FD232B00EC061A /* Binary */,
				9DE4035622FD232B00EC061A /* DiskImage */,
				9DE4035B22FD232B00EC061A /* doNotBuild */,
			);
		};
/* End PBXProject section */

/* Begin PBXSourcesBuildPhase section */
		9DE4035822FD232B00EC061A /* Sources */ = {
			isa = PBXSourcesBuildPhase;
			buildActionMask = 2147483647;
			files = (
				9DE403AE22FD235F00EC061A /* Makefile in Sources */,
				9DE403B222FD235F00EC061A /* machine.c in Sources */,
				9DE403B022FD235F00EC061A /* game.c in Sources */,
				9DE403A922FD235F00EC061A /* main.c in Sources */,
				9DE403A822FD235F00EC061A /* vbl.s in Sources */,
				9DE403AD22FD235F00EC061A /* dbllores.s in Sources */,
				9DE403B122FD235F00EC061A /* mouseWrapper.c in Sources */,
				9DE403AB22FD235F00EC061A /* anim.c in Sources */,
				9DE403AF22FD235F00EC061A /* mockingboard_speech.s in Sources */,
				9DE403AA22FD235F00EC061A /* joystick.c in Sources */,
				9DE403AC22FD235F00EC061A /* sound.c in Sources */,
				9DE403A622FD235F00EC061A /* ui.c in Sources */,
				9DE403A722FD235F00EC061A /* mockingboard.c in Sources */,
			);
			runOnlyForDeploymentPostprocessing = 0;
		};
/* End PBXSourcesBuildPhase section */

/* Begin XCBuildConfiguration section */
		9DE4037C22FD232B00EC061A /* Debug */ = {
			isa = XCBuildConfiguration;
			buildSettings = {
				ALWAYS_SEARCH_USER_PATHS = NO;
				CLANG_ANALYZER_NONNULL = YES;
				CLANG_ANALYZER_NUMBER_OBJECT_CONVERSION = YES_AGGRESSIVE;
				CLANG_CXX_LANGUAGE_STANDARD = "gnu++14";
				CLANG_CXX_LIBRARY = "libc++";
				CLANG_ENABLE_MODULES = YES;
				CLANG_ENABLE_OBJC_ARC = YES;
				CLANG_ENABLE_OBJC_WEAK = YES;
				CLANG_WARN_BLOCK_CAPTURE_AUTORELEASING = YES;
				CLANG_WARN_BOOL_CONVERSION = YES;
				CLANG_WARN_COMMA = YES;
				CLANG_WARN_CONSTANT_CONVERSION = YES;
				CLANG_WARN_DEPRECATED_OBJC_IMPLEMENTATIONS = YES;
				CLANG_WARN_DIRECT_OBJC_ISA_USAGE = YES_ERROR;
				CLANG_WARN_DOCUMENTATION_COMMENTS = YES;
				CLANG_WARN_EMPTY_BODY = YES;
				CLANG_WARN_ENUM_CONVERSION = YES;
				CLANG_WARN_INFINITE_RECURSION = YES;
				CLANG_WARN_INT_CONVERSION = YES;
				CLANG_WARN_NON_LITERAL_NULL_CONVERSION = YES;
				CLANG_WARN_OBJC_IMPLICIT_RETAIN_SELF = YES;
				CLANG_WARN_OBJC_LITERAL_CONVERSION = YES;
				CLANG_WARN_OBJC_ROOT_CLASS = YES_ERROR;
				CLANG_WARN_RANGE_LOOP_ANALYSIS = YES;
				CLANG_WARN_STRICT_PROTOTYPES = YES;
				CLANG_WARN_SUSPICIOUS_MOVE = YES;
				CLANG_WARN_UNGUARDED_AVAILABILITY = YES_AGGRESSIVE;
				CLANG_WARN_UNREACHABLE_CODE = YES;
				CLANG_WARN__DUPLICATE_METHOD_MATCH = YES;
				COPY_PHASE_STRIP = NO;
				DEBUG_INFORMATION_FORMAT = dwarf;
				ENABLE_STRICT_OBJC_MSGSEND = YES;
				ENABLE_TESTABILITY = YES;
				GCC_C_LANGUAGE_STANDARD = gnu11;
				GCC_DYNAMIC_NO_PIC = NO;
				GCC_NO_COMMON_BLOCKS = YES;
				GCC_OPTIMIZATION_LEVEL = 0;
				GCC_PREPROCESSOR_DEFINITIONS = (
					"DEBUG=1",
					"$(inherited)",
				);
				GCC_WARN_64_TO_32_BIT_CONVERSION = YES;
				GCC_WARN_ABOUT_RETURN_TYPE = YES_ERROR;
				GCC_WARN_UNDECLARED_SELECTOR = YES;
				GCC_WARN_UNINITIALIZED_AUTOS = YES_AGGRESSIVE;
				GCC_WARN_UNUSED_FUNCTION = YES;
				GCC_WARN_UNUSED_VARIABLE = YES;
				MTL_ENABLE_DEBUG_INFO = INCLUDE_SOURCE;
				MTL_FAST_MATH = YES;
				ONLY_ACTIVE_ARCH = YES;
			};
			name = Debug;
		};
		9DE4037D22FD232B00EC061A /* Release */ = {
			isa = XCBuildConfiguration;
			buildSettings = {
				ALWAYS_SEARCH_USER_PATHS = NO;
				CLANG_ANALYZER_NONNULL = YES;
				CLANG_ANALYZER_NUMBER_OBJECT_CONVERSION = YES_AGGRESSIVE;
				CLANG_CXX_LANGUAGE_STANDARD = "gnu++14";
				CLANG_CXX_LIBRARY = "libc++";
				CLANG_ENABLE_MODULES = YES;
				CLANG_ENABLE_OBJC_ARC = YES;
				CLANG_ENABLE_OBJC_WEAK = YES;
				CLANG_WARN_BLOCK_CAPTURE_AUTORELEASING = YES;
				CLANG_WARN_BOOL_CONVERSION = YES;
				CLANG_WARN_COMMA = YES;
				CLANG_WARN_CONSTANT_CONVERSION = YES;
				CLANG_WARN_DEPRECATED_OBJC_IMPLEMENTATIONS = YES;
				CLANG_WARN_DIRECT_OBJC_ISA_USAGE = YES_ERROR;
				CLANG_WARN_DOCUMENTATION_COMMENTS = YES;
				CLANG_WARN_EMPTY_BODY = YES;
				CLANG_WARN_ENUM_CONVERSION = YES;
				CLANG_WARN_INFINITE_RECURSION = YES;
				CLANG_WARN_INT_CONVERSION = YES;
				CLANG_WARN_NON_LITERAL_NULL_CONVERSION = YES;
				CLANG_WARN_OBJC_IMPLICIT_RETAIN_SELF = YES;
				CLANG_WARN_OBJC_LITERAL_CONVERSION = YES;
				CLANG_WARN_OBJC_ROOT_CLASS = YES_ERROR;
				CLANG_WARN_RANGE_LOOP_ANALYSIS = YES;
				CLANG_WARN_STRICT_PROTOTYPES = YES;
				CLANG_WARN_SUSPICIOUS_MOVE = YES;
				CLANG_WARN_UNGUARDED_AVAILABILITY = YES_AGGRESSIVE;
				CLANG_WARN_UNREACHABLE_CODE = YES;
				CLANG_WARN__DUPLICATE_METHOD_MATCH = YES;
				COPY_PHASE_STRIP = NO;
				DEBUG_INFORMATION_FORMAT = "dwarf-with-dsym";
				ENABLE_NS_ASSERTIONS = NO;
				ENABLE_STRICT_OBJC_MSGSEND = YES;
				GCC_C_LANGUAGE_STANDARD = gnu11;
				GCC_NO_COMMON_BLOCKS = YES;
				GCC_WARN_64_TO_32_BIT_CONVERSION = YES;
				GCC_WARN_ABOUT_RETURN_TYPE = YES_ERROR;
				GCC_WARN_UNDECLARED_SELECTOR = YES;
				GCC_WARN_UNINITIALIZED_AUTOS = YES_AGGRESSIVE;
				GCC_WARN_UNUSED_FUNCTION = YES;
				GCC_WARN_UNUSED_VARIABLE = YES;
				MTL_ENABLE_DEBUG_INFO = NO;
				MTL_FAST_MATH = YES;
			};
			name = Release;
		};
		9DE4037F22FD232B00EC061A /* Debug */ = {
			isa = XCBuildConfiguration;
			buildSettings = {
				CODE_SIGN_STYLE = Automatic;
				DEBUGGING_SYMBOLS = YES;
				DEBUG_INFORMATION_FORMAT = dwarf;
				DEVELOPMENT_TEAM = VD9FGCW36C;
				GCC_GENERATE_DEBUGGING_SYMBOLS = YES;
				GCC_OPTIMIZATION_LEVEL = 0;
				OTHER_CFLAGS = "";
				OTHER_LDFLAGS = "";
				PRODUCT_NAME = "$(TARGET_NAME)";
			};
			name = Debug;
		};
		9DE4038022FD232B00EC061A /* Release */ = {
			isa = XCBuildConfiguration;
			buildSettings = {
				CODE_SIGN_STYLE = Automatic;
				DEBUG_INFORMATION_FORMAT = "dwarf-with-dsym";
				DEVELOPMENT_TEAM = VD9FGCW36C;
				OTHER_CFLAGS = "";
				OTHER_LDFLAGS = "";
				PRODUCT_NAME = "$(TARGET_NAME)";
			};
			name = Release;
		};
		9DE4038222FD232B00EC061A /* Debug */ = {
			isa = XCBuildConfiguration;
			buildSettings = {
				CODE_SIGN_STYLE = Automatic;
				DEVELOPMENT_TEAM = VD9FGCW36C;
				PRODUCT_NAME = a2bejwld;
			};
			name = Debug;
		};
		9DE4038322FD232B00EC061A /* Release */ = {
			isa = XCBuildConfiguration;
			buildSettings = {
				CODE_SIGN_STYLE = Automatic;
				DEVELOPMENT_TEAM = VD9FGCW36C;
				PRODUCT_NAME = a2bejwld;
			};
			name = Release;
		};
		9DE4038522FD232B00EC061A /* Debug */ = {
			isa = XCBuildConfiguration;
			buildSettings = {
				CODE_SIGN_STYLE = Automatic;
				DEVELOPMENT_TEAM = VD9FGCW36C;
				PRODUCT_NAME = a2bejwld.dsk;
			};
			name = Debug;
		};
		9DE4038622FD232B00EC061A /* Release */ = {
			isa = XCBuildConfiguration;
			buildSettings = {
				CODE_SIGN_STYLE = Automatic;
				DEVELOPMENT_TEAM = VD9FGCW36C;
				PRODUCT_NAME = a2bejwld.dsk;
			};
			name = Release;
		};
		9DE4038822FD232B00EC061A /* Debug */ = {
			isa = XCBuildConfiguration;
			buildSettings = {
				CODE_SIGN_STYLE = Automatic;
				DEVELOPMENT_TEAM = VD9FGCW36C;
				GCC_PREPROCESSOR_DEFINITIONS = "__fastcall__=\"\"";
				HEADER_SEARCH_PATHS = (
					$TEMP_ROOT/a2bejwld.build/$CONFIGURATION/a2bejwld.build/DerivedSources,
					/usr/local/share/cc65/include,
				);
				PRODUCT_NAME = doNotBuild;
			};
			name = Debug;
		};
		9DE4038922FD232B00EC061A /* Release */ = {
			isa = XCBuildConfiguration;
			buildSettings = {
				CODE_SIGN_STYLE = Automatic;
				DEVELOPMENT_TEAM = VD9FGCW36C;
				GCC_PREPROCESSOR_DEFINITIONS = "__fastcall__=\"\"";
				HEADER_SEARCH_PATHS = (
					$TEMP_ROOT/a2bejwld.build/$CONFIGURATION/a2bejwld.build/DerivedSources,
					/usr/local/share/cc65/include,
				);
				PRODUCT_NAME = doNotBuild;
			};
			name = Release;
		};
/* End XCBuildConfiguration section */

/* Begin XCConfigurationList section */
		9DE4035122FD232B00EC061A /* Build configuration list for PBXProject "a2bejwld" */ = {
			isa = XCConfigurationList;
			buildConfigurations = (
				9DE4037C22FD232B00EC061A /* Debug */,
				9DE4037D22FD232B00EC061A /* Release */,
			);
			defaultConfigurationIsVisible = 0;
			defaultConfigurationName = Release;
		};
		9DE4037E22FD232B00EC061A /* Build configuration list for PBXLegacyTarget "a2bejwld" */ = {
			isa = XCConfigurationList;
			buildConfigurations = (
				9DE4037F22FD232B00EC061A /* Debug */,
				9DE4038022FD232B00EC061A /* Release */,
			);
			defaultConfigurationIsVisible = 0;
			defaultConfigurationName = Release;
		};
		9DE4038122FD232B00EC061A /* Build configuration list for PBXNativeTarget "Binary" */ = {
			isa = XCConfigurationList;
			buildConfigurations = (
				9DE4038222FD232B00EC061A /* Debug */,
				9DE4038322FD232B00EC061A /* Release */,
			);
			defaultConfigurationIsVisible = 0;
			defaultConfigurationName = Release;
		};
		9DE4038422FD232B00EC061A /* Build configuration list for PBXNativeTarget "DiskImage" */ = {
			isa = XCConfigurationList;
			buildConfigurations = (
				9DE4038522FD232B00EC061A /* Debug */,
				9DE4038622FD232B00EC061A /* Release */,
			);
			defaultConfigurationIsVisible = 0;
			defaultConfigurationName = Release;
		};
		9DE4038722FD232B00EC061A /* Build configuration list for PBXNativeTarget "doNotBuild" */ = {
			isa = XCConfigurationList;
			buildConfigurations = (
				9DE4038822FD232B00EC061A /* Debug */,
				9DE4038922FD232B00EC061A /* Release */,
			);
			defaultConfigurationIsVisible = 0;
			defaultConfigurationName = Release;
		};
/* End XCConfigurationList section */
	};
	rootObject = 9DE4034E22FD232B00EC061A /* Project object */;
}
